// !$*UTF8*$!
{
	archiveVersion = 1;
	classes = {
	};
	objectVersion = 56;
	objects = {

/* Begin PBXBuildFile section */
		3E29795D2BE38CB000043951 /* QuiestionView.swift in Sources */ = {isa = PBXBuildFile; fileRef = 3E29795C2BE38CB000043951 /* QuiestionView.swift */; };
		3E29795F2BE38CC600043951 /* ResultView.swift in Sources */ = {isa = PBXBuildFile; fileRef = 3E29795E2BE38CC600043951 /* ResultView.swift */; };
		3E2979612BE38CD800043951 /* Question.swift in Sources */ = {isa = PBXBuildFile; fileRef = 3E2979602BE38CD800043951 /* Question.swift */; };
		3E2979632BE6C1F500043951 /* CustomTabBar.swift in Sources */ = {isa = PBXBuildFile; fileRef = 3E2979622BE6C1F500043951 /* CustomTabBar.swift */; };
		3E2979652BE6C57400043951 /* ToastView.swift in Sources */ = {isa = PBXBuildFile; fileRef = 3E2979642BE6C57400043951 /* ToastView.swift */; };
		3E2979772BE8258400043951 /* NewsListView.swift in Sources */ = {isa = PBXBuildFile; fileRef = 3E2979762BE8258400043951 /* NewsListView.swift */; };
		3E2979792BE825BE00043951 /* CreateNewsView.swift in Sources */ = {isa = PBXBuildFile; fileRef = 3E2979782BE825BE00043951 /* CreateNewsView.swift */; };
		3E29797B2BE825CC00043951 /* NewsDetailView.swift in Sources */ = {isa = PBXBuildFile; fileRef = 3E29797A2BE825CC00043951 /* NewsDetailView.swift */; };
		3E29797D2BE825D500043951 /* NewsViewModel.swift in Sources */ = {isa = PBXBuildFile; fileRef = 3E29797C2BE825D500043951 /* NewsViewModel.swift */; };
		3E29797F2BE825E300043951 /* NewsItem.swift in Sources */ = {isa = PBXBuildFile; fileRef = 3E29797E2BE825E300043951 /* NewsItem.swift */; };
		3E5793142B878F6600F2C346 /* LaunchViewModel.swift in Sources */ = {isa = PBXBuildFile; fileRef = 3E5793132B878F6600F2C346 /* LaunchViewModel.swift */; };
		3E5793162B87A6EA00F2C346 /* MockAppCheckProviderFactory.swift in Sources */ = {isa = PBXBuildFile; fileRef = 3E5793152B87A6EA00F2C346 /* MockAppCheckProviderFactory.swift */; };
		3E57931A2B88A58E00F2C346 /* LaunchView.swift in Sources */ = {isa = PBXBuildFile; fileRef = 3E5793192B88A58E00F2C346 /* LaunchView.swift */; };
		3E57931C2B89E67400F2C346 /* DeviceInfo.swift in Sources */ = {isa = PBXBuildFile; fileRef = 3E57931B2B89E67400F2C346 /* DeviceInfo.swift */; };
		3E57931F2B92120B00F2C346 /* CoursesListView.swift in Sources */ = {isa = PBXBuildFile; fileRef = 3E57931E2B92120B00F2C346 /* CoursesListView.swift */; };
		3E5793222B9665F800F2C346 /* CourseListViewModel.swift in Sources */ = {isa = PBXBuildFile; fileRef = 3E5793212B9665F800F2C346 /* CourseListViewModel.swift */; };
		3E69E56D2B60FC1900E2119A /* EditProifleView.swift in Sources */ = {isa = PBXBuildFile; fileRef = 3E69E56C2B60FC1900E2119A /* EditProifleView.swift */; };
		3E6BC2FB2B45BA1B00FC8626 /* Share.json in Resources */ = {isa = PBXBuildFile; fileRef = 3E6BC2F82B45BA1B00FC8626 /* Share.json */; };
		3E6BC2FC2B45BA1B00FC8626 /* Create.json in Resources */ = {isa = PBXBuildFile; fileRef = 3E6BC2F92B45BA1B00FC8626 /* Create.json */; };
		3E6BC2FF2B45BB1C00FC8626 /* Lottie in Frameworks */ = {isa = PBXBuildFile; productRef = 3E6BC2FE2B45BB1C00FC8626 /* Lottie */; };
		3E6BC3012B45BB4200FC8626 /* OnBoardingItem.swift in Sources */ = {isa = PBXBuildFile; fileRef = 3E6BC3002B45BB4200FC8626 /* OnBoardingItem.swift */; };
		3E6BC3042B45BBC000FC8626 /* OnBoardingScreen.swift in Sources */ = {isa = PBXBuildFile; fileRef = 3E6BC3032B45BBC000FC8626 /* OnBoardingScreen.swift */; };
		3E6BC30A2B499C0B00FC8626 /* Study.json in Resources */ = {isa = PBXBuildFile; fileRef = 3E6BC3092B499C0B00FC8626 /* Study.json */; };
		3E73ECF12B700D99002EAE4F /* MainScreenView.swift in Sources */ = {isa = PBXBuildFile; fileRef = 3E73ECF02B700D99002EAE4F /* MainScreenView.swift */; };
		3E73ED0F2B7114CC002EAE4F /* Course.swift in Sources */ = {isa = PBXBuildFile; fileRef = 3E73ED0E2B7114CC002EAE4F /* Course.swift */; };
		3E73ED172B71158B002EAE4F /* HeaderView.swift in Sources */ = {isa = PBXBuildFile; fileRef = 3E73ED162B71158B002EAE4F /* HeaderView.swift */; };
		3E73ED192B711591002EAE4F /* SearchBarView.swift in Sources */ = {isa = PBXBuildFile; fileRef = 3E73ED182B711591002EAE4F /* SearchBarView.swift */; };
		3E73ED1B2B711598002EAE4F /* ProgressCardView.swift in Sources */ = {isa = PBXBuildFile; fileRef = 3E73ED1A2B711598002EAE4F /* ProgressCardView.swift */; };
		3E73ED1D2B71159F002EAE4F /* AllCategoriesView.swift in Sources */ = {isa = PBXBuildFile; fileRef = 3E73ED1C2B71159F002EAE4F /* AllCategoriesView.swift */; };
		3E73ED1F2B7115A4002EAE4F /* RecommendedCoursesView.swift in Sources */ = {isa = PBXBuildFile; fileRef = 3E73ED1E2B7115A4002EAE4F /* RecommendedCoursesView.swift */; };
		3E73ED212B7116A4002EAE4F /* AllCategoriesViewModel.swift in Sources */ = {isa = PBXBuildFile; fileRef = 3E73ED202B7116A4002EAE4F /* AllCategoriesViewModel.swift */; };
		3E73ED232B7116BF002EAE4F /* RecommendedCourseRowViewModel.swift in Sources */ = {isa = PBXBuildFile; fileRef = 3E73ED222B7116BF002EAE4F /* RecommendedCourseRowViewModel.swift */; };
		3E73ED252B711722002EAE4F /* RecommendedCoursesViewModel.swift in Sources */ = {isa = PBXBuildFile; fileRef = 3E73ED242B711722002EAE4F /* RecommendedCoursesViewModel.swift */; };
		3E73ED272B711ACD002EAE4F /* AppDelegate.swift in Sources */ = {isa = PBXBuildFile; fileRef = 3E73ED262B711ACD002EAE4F /* AppDelegate.swift */; };
		3E73ED2D2B715BD0002EAE4F /* CachedLogoImage.swift in Sources */ = {isa = PBXBuildFile; fileRef = 3E73ED2C2B715BD0002EAE4F /* CachedLogoImage.swift */; };
		3E73ED302B715C2F002EAE4F /* WelcomeTextView.swift in Sources */ = {isa = PBXBuildFile; fileRef = 3E73ED2F2B715C2E002EAE4F /* WelcomeTextView.swift */; };
		3E73ED322B715C4D002EAE4F /* AuthButtons.swift in Sources */ = {isa = PBXBuildFile; fileRef = 3E73ED312B715C4D002EAE4F /* AuthButtons.swift */; };
		3E73ED342B715C62002EAE4F /* MainMenuButtonStyle.swift in Sources */ = {isa = PBXBuildFile; fileRef = 3E73ED332B715C62002EAE4F /* MainMenuButtonStyle.swift */; };
		3E73ED372B715D99002EAE4F /* EditProfileTitleView.swift in Sources */ = {isa = PBXBuildFile; fileRef = 3E73ED362B715D99002EAE4F /* EditProfileTitleView.swift */; };
		3E73ED392B715D9F002EAE4F /* EditProfileTextField.swift in Sources */ = {isa = PBXBuildFile; fileRef = 3E73ED382B715D9F002EAE4F /* EditProfileTextField.swift */; };
		3E73ED3B2B715DA7002EAE4F /* EditProfileSaveButton.swift in Sources */ = {isa = PBXBuildFile; fileRef = 3E73ED3A2B715DA7002EAE4F /* EditProfileSaveButton.swift */; };
		3E73ED3D2B715E64002EAE4F /* UserProfileSectionView.swift in Sources */ = {isa = PBXBuildFile; fileRef = 3E73ED3C2B715E64002EAE4F /* UserProfileSectionView.swift */; };
		3E73ED3F2B715E70002EAE4F /* GeneralSectionView.swift in Sources */ = {isa = PBXBuildFile; fileRef = 3E73ED3E2B715E70002EAE4F /* GeneralSectionView.swift */; };
		3E73ED412B715E79002EAE4F /* ProfileInfoSectionView.swift in Sources */ = {isa = PBXBuildFile; fileRef = 3E73ED402B715E79002EAE4F /* ProfileInfoSectionView.swift */; };
		3E73ED432B715E8E002EAE4F /* AccountSectionView.swift in Sources */ = {isa = PBXBuildFile; fileRef = 3E73ED422B715E8E002EAE4F /* AccountSectionView.swift */; };
		3EB63CE02B407558001011D2 /* IntelectualPathApp.swift in Sources */ = {isa = PBXBuildFile; fileRef = 3EB63CDF2B407558001011D2 /* IntelectualPathApp.swift */; };
		3EB63CE42B40755B001011D2 /* Assets.xcassets in Resources */ = {isa = PBXBuildFile; fileRef = 3EB63CE32B40755B001011D2 /* Assets.xcassets */; };
		3EB63CE72B40755B001011D2 /* Preview Assets.xcassets in Resources */ = {isa = PBXBuildFile; fileRef = 3EB63CE62B40755B001011D2 /* Preview Assets.xcassets */; };
		3EB63CF22B407636001011D2 /* WelcomeScreen.swift in Sources */ = {isa = PBXBuildFile; fileRef = 3EB63CF12B407636001011D2 /* WelcomeScreen.swift */; };
		3EB63CF42B40763F001011D2 /* LoginView.swift in Sources */ = {isa = PBXBuildFile; fileRef = 3EB63CF32B40763F001011D2 /* LoginView.swift */; };
		3EB63CF62B407646001011D2 /* RegistrationView.swift in Sources */ = {isa = PBXBuildFile; fileRef = 3EB63CF52B407646001011D2 /* RegistrationView.swift */; };
		3EB63CF82B40764E001011D2 /* MainAuthView.swift in Sources */ = {isa = PBXBuildFile; fileRef = 3EB63CF72B40764E001011D2 /* MainAuthView.swift */; };
		3EB63CFC2B407686001011D2 /* QuizView.swift in Sources */ = {isa = PBXBuildFile; fileRef = 3EB63CFB2B407686001011D2 /* QuizView.swift */; };
		3EB63D002B407695001011D2 /* AchievementsView.swift in Sources */ = {isa = PBXBuildFile; fileRef = 3EB63CFF2B407695001011D2 /* AchievementsView.swift */; };
		3EB63D0C2B4076F0001011D2 /* QuizViewModel.swift in Sources */ = {isa = PBXBuildFile; fileRef = 3EB63D0B2B4076F0001011D2 /* QuizViewModel.swift */; };
		3EB63D102B407709001011D2 /* AchievementsViewModel.swift in Sources */ = {isa = PBXBuildFile; fileRef = 3EB63D0F2B407709001011D2 /* AchievementsViewModel.swift */; };
		3ED465EE2BEC1B7C009DCCA5 /* Atricle.swift in Sources */ = {isa = PBXBuildFile; fileRef = 3ED465ED2BEC1B7C009DCCA5 /* Atricle.swift */; };
		3ED465F02BEC1BA1009DCCA5 /* UsefulArticlesView.swift in Sources */ = {isa = PBXBuildFile; fileRef = 3ED465EF2BEC1BA1009DCCA5 /* UsefulArticlesView.swift */; };
		3EDA80422B73C60D000A40F9 /* GoogleService-Info.plist in Resources */ = {isa = PBXBuildFile; fileRef = 3EDA80412B73C60D000A40F9 /* GoogleService-Info.plist */; };
		3EDC8BD12B59BD7E00B8B38C /* UserCredentials.swift in Sources */ = {isa = PBXBuildFile; fileRef = 3EDC8BD02B59BD7E00B8B38C /* UserCredentials.swift */; };
		3EDC8BD72B59BDEF00B8B38C /* AuthenticationViewModel.swift in Sources */ = {isa = PBXBuildFile; fileRef = 3EDC8BD62B59BDEF00B8B38C /* AuthenticationViewModel.swift */; };
		3EF335552B5C04A100ACC4A6 /* FirebaseAnalytics in Frameworks */ = {isa = PBXBuildFile; productRef = 3EF335542B5C04A100ACC4A6 /* FirebaseAnalytics */; };
		3EF335572B5C04A100ACC4A6 /* FirebaseAnalyticsOnDeviceConversion in Frameworks */ = {isa = PBXBuildFile; productRef = 3EF335562B5C04A100ACC4A6 /* FirebaseAnalyticsOnDeviceConversion */; };
		3EF335592B5C04A100ACC4A6 /* FirebaseAnalyticsSwift in Frameworks */ = {isa = PBXBuildFile; productRef = 3EF335582B5C04A100ACC4A6 /* FirebaseAnalyticsSwift */; };
		3EF3355B2B5C04A100ACC4A6 /* FirebaseAnalyticsWithoutAdIdSupport in Frameworks */ = {isa = PBXBuildFile; productRef = 3EF3355A2B5C04A100ACC4A6 /* FirebaseAnalyticsWithoutAdIdSupport */; };
		3EF3355D2B5C04A100ACC4A6 /* FirebaseAppCheck in Frameworks */ = {isa = PBXBuildFile; productRef = 3EF3355C2B5C04A100ACC4A6 /* FirebaseAppCheck */; };
		3EF335602B5C18B700ACC4A6 /* FirebaseAuth in Frameworks */ = {isa = PBXBuildFile; productRef = 3EF3355F2B5C18B700ACC4A6 /* FirebaseAuth */; };
		3EF335632B5C3D5800ACC4A6 /* String.swift in Sources */ = {isa = PBXBuildFile; fileRef = 3EF335622B5C3D5800ACC4A6 /* String.swift */; };
		3EF335692B5D2DFF00ACC4A6 /* Hello.json in Resources */ = {isa = PBXBuildFile; fileRef = 3EF335682B5D2DFF00ACC4A6 /* Hello.json */; };
		3EF3356B2B5D2F2800ACC4A6 /* ResizableLottie.swift in Sources */ = {isa = PBXBuildFile; fileRef = 3EF3356A2B5D2F2800ACC4A6 /* ResizableLottie.swift */; };
		3EF335702B5E7AED00ACC4A6 /* InputView.swift in Sources */ = {isa = PBXBuildFile; fileRef = 3EF3356F2B5E7AED00ACC4A6 /* InputView.swift */; };
		3EF335722B5E7FC900ACC4A6 /* ProfileView.swift in Sources */ = {isa = PBXBuildFile; fileRef = 3EF335712B5E7FC900ACC4A6 /* ProfileView.swift */; };
		3EF335752B5E89B100ACC4A6 /* SettingsRawView.swift in Sources */ = {isa = PBXBuildFile; fileRef = 3EF335742B5E89B100ACC4A6 /* SettingsRawView.swift */; };
		3EF335772B5E8AFB00ACC4A6 /* User.swift in Sources */ = {isa = PBXBuildFile; fileRef = 3EF335762B5E8AFB00ACC4A6 /* User.swift */; };
		3EF335792B5E905E00ACC4A6 /* FirebaseFirestoreSwift in Frameworks */ = {isa = PBXBuildFile; productRef = 3EF335782B5E905E00ACC4A6 /* FirebaseFirestoreSwift */; };
		3EF3357E2B5E973A00ACC4A6 /* FirebaseFirestore in Frameworks */ = {isa = PBXBuildFile; productRef = 3EF3357D2B5E973A00ACC4A6 /* FirebaseFirestore */; };
		5CCFD415D7DE4403347C9D07 /* Pods_IntelectualPath.framework in Frameworks */ = {isa = PBXBuildFile; fileRef = 49BEADB5B38640116897C183 /* Pods_IntelectualPath.framework */; };
/* End PBXBuildFile section */

/* Begin PBXFileReference section */
		3E29795C2BE38CB000043951 /* QuiestionView.swift */ = {isa = PBXFileReference; lastKnownFileType = sourcecode.swift; path = QuiestionView.swift; sourceTree = "<group>"; };
		3E29795E2BE38CC600043951 /* ResultView.swift */ = {isa = PBXFileReference; lastKnownFileType = sourcecode.swift; path = ResultView.swift; sourceTree = "<group>"; };
		3E2979602BE38CD800043951 /* Question.swift */ = {isa = PBXFileReference; lastKnownFileType = sourcecode.swift; path = Question.swift; sourceTree = "<group>"; };
		3E2979622BE6C1F500043951 /* CustomTabBar.swift */ = {isa = PBXFileReference; lastKnownFileType = sourcecode.swift; path = CustomTabBar.swift; sourceTree = "<group>"; };
		3E2979642BE6C57400043951 /* ToastView.swift */ = {isa = PBXFileReference; lastKnownFileType = sourcecode.swift; path = ToastView.swift; sourceTree = "<group>"; };
		3E2979762BE8258400043951 /* NewsListView.swift */ = {isa = PBXFileReference; lastKnownFileType = sourcecode.swift; path = NewsListView.swift; sourceTree = "<group>"; };
		3E2979782BE825BE00043951 /* CreateNewsView.swift */ = {isa = PBXFileReference; lastKnownFileType = sourcecode.swift; path = CreateNewsView.swift; sourceTree = "<group>"; };
		3E29797A2BE825CC00043951 /* NewsDetailView.swift */ = {isa = PBXFileReference; lastKnownFileType = sourcecode.swift; path = NewsDetailView.swift; sourceTree = "<group>"; };
		3E29797C2BE825D500043951 /* NewsViewModel.swift */ = {isa = PBXFileReference; lastKnownFileType = sourcecode.swift; path = NewsViewModel.swift; sourceTree = "<group>"; };
		3E29797E2BE825E300043951 /* NewsItem.swift */ = {isa = PBXFileReference; lastKnownFileType = sourcecode.swift; path = NewsItem.swift; sourceTree = "<group>"; };
		3E5793132B878F6600F2C346 /* LaunchViewModel.swift */ = {isa = PBXFileReference; lastKnownFileType = sourcecode.swift; path = LaunchViewModel.swift; sourceTree = "<group>"; };
		3E5793152B87A6EA00F2C346 /* MockAppCheckProviderFactory.swift */ = {isa = PBXFileReference; lastKnownFileType = sourcecode.swift; path = MockAppCheckProviderFactory.swift; sourceTree = "<group>"; };
		3E5793192B88A58E00F2C346 /* LaunchView.swift */ = {isa = PBXFileReference; lastKnownFileType = sourcecode.swift; path = LaunchView.swift; sourceTree = "<group>"; };
		3E57931B2B89E67400F2C346 /* DeviceInfo.swift */ = {isa = PBXFileReference; lastKnownFileType = sourcecode.swift; path = DeviceInfo.swift; sourceTree = "<group>"; };
		3E57931E2B92120B00F2C346 /* CoursesListView.swift */ = {isa = PBXFileReference; lastKnownFileType = sourcecode.swift; path = CoursesListView.swift; sourceTree = "<group>"; };
		3E5793212B9665F800F2C346 /* CourseListViewModel.swift */ = {isa = PBXFileReference; lastKnownFileType = sourcecode.swift; path = CourseListViewModel.swift; sourceTree = "<group>"; };
		3E69E56C2B60FC1900E2119A /* EditProifleView.swift */ = {isa = PBXFileReference; lastKnownFileType = sourcecode.swift; path = EditProifleView.swift; sourceTree = "<group>"; };
		3E6BC2F82B45BA1B00FC8626 /* Share.json */ = {isa = PBXFileReference; lastKnownFileType = text.json; path = Share.json; sourceTree = "<group>"; };
		3E6BC2F92B45BA1B00FC8626 /* Create.json */ = {isa = PBXFileReference; lastKnownFileType = text.json; path = Create.json; sourceTree = "<group>"; };
		3E6BC3002B45BB4200FC8626 /* OnBoardingItem.swift */ = {isa = PBXFileReference; lastKnownFileType = sourcecode.swift; path = OnBoardingItem.swift; sourceTree = "<group>"; };
		3E6BC3032B45BBC000FC8626 /* OnBoardingScreen.swift */ = {isa = PBXFileReference; lastKnownFileType = sourcecode.swift; path = OnBoardingScreen.swift; sourceTree = "<group>"; };
		3E6BC3092B499C0B00FC8626 /* Study.json */ = {isa = PBXFileReference; fileEncoding = 4; lastKnownFileType = text.json; path = Study.json; sourceTree = "<group>"; };
		3E73ECF02B700D99002EAE4F /* MainScreenView.swift */ = {isa = PBXFileReference; lastKnownFileType = sourcecode.swift; path = MainScreenView.swift; sourceTree = "<group>"; };
		3E73ED0E2B7114CC002EAE4F /* Course.swift */ = {isa = PBXFileReference; lastKnownFileType = sourcecode.swift; path = Course.swift; sourceTree = "<group>"; };
		3E73ED162B71158B002EAE4F /* HeaderView.swift */ = {isa = PBXFileReference; lastKnownFileType = sourcecode.swift; path = HeaderView.swift; sourceTree = "<group>"; };
		3E73ED182B711591002EAE4F /* SearchBarView.swift */ = {isa = PBXFileReference; lastKnownFileType = sourcecode.swift; path = SearchBarView.swift; sourceTree = "<group>"; };
		3E73ED1A2B711598002EAE4F /* ProgressCardView.swift */ = {isa = PBXFileReference; lastKnownFileType = sourcecode.swift; path = ProgressCardView.swift; sourceTree = "<group>"; };
		3E73ED1C2B71159F002EAE4F /* AllCategoriesView.swift */ = {isa = PBXFileReference; lastKnownFileType = sourcecode.swift; path = AllCategoriesView.swift; sourceTree = "<group>"; };
		3E73ED1E2B7115A4002EAE4F /* RecommendedCoursesView.swift */ = {isa = PBXFileReference; lastKnownFileType = sourcecode.swift; path = RecommendedCoursesView.swift; sourceTree = "<group>"; };
		3E73ED202B7116A4002EAE4F /* AllCategoriesViewModel.swift */ = {isa = PBXFileReference; lastKnownFileType = sourcecode.swift; path = AllCategoriesViewModel.swift; sourceTree = "<group>"; };
		3E73ED222B7116BF002EAE4F /* RecommendedCourseRowViewModel.swift */ = {isa = PBXFileReference; lastKnownFileType = sourcecode.swift; path = RecommendedCourseRowViewModel.swift; sourceTree = "<group>"; };
		3E73ED242B711722002EAE4F /* RecommendedCoursesViewModel.swift */ = {isa = PBXFileReference; lastKnownFileType = sourcecode.swift; path = RecommendedCoursesViewModel.swift; sourceTree = "<group>"; };
		3E73ED262B711ACD002EAE4F /* AppDelegate.swift */ = {isa = PBXFileReference; lastKnownFileType = sourcecode.swift; path = AppDelegate.swift; sourceTree = "<group>"; };
		3E73ED2C2B715BD0002EAE4F /* CachedLogoImage.swift */ = {isa = PBXFileReference; lastKnownFileType = sourcecode.swift; path = CachedLogoImage.swift; sourceTree = "<group>"; };
		3E73ED2F2B715C2E002EAE4F /* WelcomeTextView.swift */ = {isa = PBXFileReference; lastKnownFileType = sourcecode.swift; path = WelcomeTextView.swift; sourceTree = "<group>"; };
		3E73ED312B715C4D002EAE4F /* AuthButtons.swift */ = {isa = PBXFileReference; lastKnownFileType = sourcecode.swift; path = AuthButtons.swift; sourceTree = "<group>"; };
		3E73ED332B715C62002EAE4F /* MainMenuButtonStyle.swift */ = {isa = PBXFileReference; lastKnownFileType = sourcecode.swift; path = MainMenuButtonStyle.swift; sourceTree = "<group>"; };
		3E73ED362B715D99002EAE4F /* EditProfileTitleView.swift */ = {isa = PBXFileReference; lastKnownFileType = sourcecode.swift; path = EditProfileTitleView.swift; sourceTree = "<group>"; };
		3E73ED382B715D9F002EAE4F /* EditProfileTextField.swift */ = {isa = PBXFileReference; lastKnownFileType = sourcecode.swift; path = EditProfileTextField.swift; sourceTree = "<group>"; };
		3E73ED3A2B715DA7002EAE4F /* EditProfileSaveButton.swift */ = {isa = PBXFileReference; lastKnownFileType = sourcecode.swift; path = EditProfileSaveButton.swift; sourceTree = "<group>"; };
		3E73ED3C2B715E64002EAE4F /* UserProfileSectionView.swift */ = {isa = PBXFileReference; lastKnownFileType = sourcecode.swift; path = UserProfileSectionView.swift; sourceTree = "<group>"; };
		3E73ED3E2B715E70002EAE4F /* GeneralSectionView.swift */ = {isa = PBXFileReference; lastKnownFileType = sourcecode.swift; path = GeneralSectionView.swift; sourceTree = "<group>"; };
		3E73ED402B715E79002EAE4F /* ProfileInfoSectionView.swift */ = {isa = PBXFileReference; lastKnownFileType = sourcecode.swift; path = ProfileInfoSectionView.swift; sourceTree = "<group>"; };
		3E73ED422B715E8E002EAE4F /* AccountSectionView.swift */ = {isa = PBXFileReference; lastKnownFileType = sourcecode.swift; path = AccountSectionView.swift; sourceTree = "<group>"; };
		3EB63CDC2B407558001011D2 /* IntelectualPath.app */ = {isa = PBXFileReference; explicitFileType = wrapper.application; includeInIndex = 0; path = IntelectualPath.app; sourceTree = BUILT_PRODUCTS_DIR; };
		3EB63CDF2B407558001011D2 /* IntelectualPathApp.swift */ = {isa = PBXFileReference; lastKnownFileType = sourcecode.swift; path = IntelectualPathApp.swift; sourceTree = "<group>"; };
		3EB63CE32B40755B001011D2 /* Assets.xcassets */ = {isa = PBXFileReference; lastKnownFileType = folder.assetcatalog; path = Assets.xcassets; sourceTree = "<group>"; };
		3EB63CE62B40755B001011D2 /* Preview Assets.xcassets */ = {isa = PBXFileReference; lastKnownFileType = folder.assetcatalog; path = "Preview Assets.xcassets"; sourceTree = "<group>"; };
		3EB63CF12B407636001011D2 /* WelcomeScreen.swift */ = {isa = PBXFileReference; lastKnownFileType = sourcecode.swift; path = WelcomeScreen.swift; sourceTree = "<group>"; };
		3EB63CF32B40763F001011D2 /* LoginView.swift */ = {isa = PBXFileReference; lastKnownFileType = sourcecode.swift; path = LoginView.swift; sourceTree = "<group>"; };
		3EB63CF52B407646001011D2 /* RegistrationView.swift */ = {isa = PBXFileReference; lastKnownFileType = sourcecode.swift; path = RegistrationView.swift; sourceTree = "<group>"; };
		3EB63CF72B40764E001011D2 /* MainAuthView.swift */ = {isa = PBXFileReference; lastKnownFileType = sourcecode.swift; path = MainAuthView.swift; sourceTree = "<group>"; };
		3EB63CFB2B407686001011D2 /* QuizView.swift */ = {isa = PBXFileReference; lastKnownFileType = sourcecode.swift; name = QuizView.swift; path = ../VIew/QuizView.swift; sourceTree = "<group>"; };
		3EB63CFF2B407695001011D2 /* AchievementsView.swift */ = {isa = PBXFileReference; lastKnownFileType = sourcecode.swift; path = AchievementsView.swift; sourceTree = "<group>"; };
		3EB63D0B2B4076F0001011D2 /* QuizViewModel.swift */ = {isa = PBXFileReference; lastKnownFileType = sourcecode.swift; name = QuizViewModel.swift; path = ../ViewModel/QuizViewModel.swift; sourceTree = "<group>"; };
		3EB63D0F2B407709001011D2 /* AchievementsViewModel.swift */ = {isa = PBXFileReference; lastKnownFileType = sourcecode.swift; path = AchievementsViewModel.swift; sourceTree = "<group>"; };
		3ED465ED2BEC1B7C009DCCA5 /* Atricle.swift */ = {isa = PBXFileReference; lastKnownFileType = sourcecode.swift; path = Atricle.swift; sourceTree = "<group>"; };
		3ED465EF2BEC1BA1009DCCA5 /* UsefulArticlesView.swift */ = {isa = PBXFileReference; lastKnownFileType = sourcecode.swift; path = UsefulArticlesView.swift; sourceTree = "<group>"; };
		3EDA80412B73C60D000A40F9 /* GoogleService-Info.plist */ = {isa = PBXFileReference; fileEncoding = 4; lastKnownFileType = text.plist.xml; path = "GoogleService-Info.plist"; sourceTree = "<group>"; };
		3EDA80A72B7E61AC000A40F9 /* FirebaseCore.framework */ = {isa = PBXFileReference; explicitFileType = wrapper.framework; path = FirebaseCore.framework; sourceTree = BUILT_PRODUCTS_DIR; };
		3EDC8BD02B59BD7E00B8B38C /* UserCredentials.swift */ = {isa = PBXFileReference; lastKnownFileType = sourcecode.swift; path = UserCredentials.swift; sourceTree = "<group>"; };
		3EDC8BD62B59BDEF00B8B38C /* AuthenticationViewModel.swift */ = {isa = PBXFileReference; lastKnownFileType = sourcecode.swift; path = AuthenticationViewModel.swift; sourceTree = "<group>"; };
		3EF335622B5C3D5800ACC4A6 /* String.swift */ = {isa = PBXFileReference; lastKnownFileType = sourcecode.swift; path = String.swift; sourceTree = "<group>"; };
		3EF335682B5D2DFF00ACC4A6 /* Hello.json */ = {isa = PBXFileReference; fileEncoding = 4; lastKnownFileType = text.json; path = Hello.json; sourceTree = "<group>"; };
		3EF3356A2B5D2F2800ACC4A6 /* ResizableLottie.swift */ = {isa = PBXFileReference; lastKnownFileType = sourcecode.swift; path = ResizableLottie.swift; sourceTree = "<group>"; };
		3EF3356F2B5E7AED00ACC4A6 /* InputView.swift */ = {isa = PBXFileReference; lastKnownFileType = sourcecode.swift; path = InputView.swift; sourceTree = "<group>"; };
		3EF335712B5E7FC900ACC4A6 /* ProfileView.swift */ = {isa = PBXFileReference; lastKnownFileType = sourcecode.swift; path = ProfileView.swift; sourceTree = "<group>"; };
		3EF335742B5E89B100ACC4A6 /* SettingsRawView.swift */ = {isa = PBXFileReference; lastKnownFileType = sourcecode.swift; path = SettingsRawView.swift; sourceTree = "<group>"; };
		3EF335762B5E8AFB00ACC4A6 /* User.swift */ = {isa = PBXFileReference; lastKnownFileType = sourcecode.swift; path = User.swift; sourceTree = "<group>"; };
		49BEADB5B38640116897C183 /* Pods_IntelectualPath.framework */ = {isa = PBXFileReference; explicitFileType = wrapper.framework; includeInIndex = 0; path = Pods_IntelectualPath.framework; sourceTree = BUILT_PRODUCTS_DIR; };
		8A01697DDF42ABE250A12B23 /* Pods-IntelectualPath.debug.xcconfig */ = {isa = PBXFileReference; includeInIndex = 1; lastKnownFileType = text.xcconfig; name = "Pods-IntelectualPath.debug.xcconfig"; path = "Target Support Files/Pods-IntelectualPath/Pods-IntelectualPath.debug.xcconfig"; sourceTree = "<group>"; };
		D3324600AE42989F5761B416 /* Pods-IntelectualPath.release.xcconfig */ = {isa = PBXFileReference; includeInIndex = 1; lastKnownFileType = text.xcconfig; name = "Pods-IntelectualPath.release.xcconfig"; path = "Target Support Files/Pods-IntelectualPath/Pods-IntelectualPath.release.xcconfig"; sourceTree = "<group>"; };
/* End PBXFileReference section */

/* Begin PBXFrameworksBuildPhase section */
		3EB63CD92B407558001011D2 /* Frameworks */ = {
			isa = PBXFrameworksBuildPhase;
			buildActionMask = 2147483647;
			files = (
				3EF335592B5C04A100ACC4A6 /* FirebaseAnalyticsSwift in Frameworks */,
				3EF3355B2B5C04A100ACC4A6 /* FirebaseAnalyticsWithoutAdIdSupport in Frameworks */,
				3EF335552B5C04A100ACC4A6 /* FirebaseAnalytics in Frameworks */,
				3EF335572B5C04A100ACC4A6 /* FirebaseAnalyticsOnDeviceConversion in Frameworks */,
				3EF3355D2B5C04A100ACC4A6 /* FirebaseAppCheck in Frameworks */,
				3EF3357E2B5E973A00ACC4A6 /* FirebaseFirestore in Frameworks */,
				3EF335602B5C18B700ACC4A6 /* FirebaseAuth in Frameworks */,
				3E6BC2FF2B45BB1C00FC8626 /* Lottie in Frameworks */,
				3EF335792B5E905E00ACC4A6 /* FirebaseFirestoreSwift in Frameworks */,
				5CCFD415D7DE4403347C9D07 /* Pods_IntelectualPath.framework in Frameworks */,
			);
			runOnlyForDeploymentPostprocessing = 0;
		};
/* End PBXFrameworksBuildPhase section */

/* Begin PBXGroup section */
		3E29795A2BE38B0D00043951 /* Quiz */ = {
			isa = PBXGroup;
			children = (
				3EB63D0B2B4076F0001011D2 /* QuizViewModel.swift */,
				3EB63CFB2B407686001011D2 /* QuizView.swift */,
			);
			path = Quiz;
			sourceTree = "<group>";
		};
		3E29795B2BE38C9700043951 /* QuizComps */ = {
			isa = PBXGroup;
			children = (
				3E29795C2BE38CB000043951 /* QuiestionView.swift */,
				3E29795E2BE38CC600043951 /* ResultView.swift */,
			);
			path = QuizComps;
			sourceTree = "<group>";
		};
		3E2979722BE8251B00043951 /* News */ = {
			isa = PBXGroup;
			children = (
				3E2979742BE8255500043951 /* ViewModel */,
				3E2979732BE8254B00043951 /* View */,
			);
			path = News;
			sourceTree = "<group>";
		};
		3E2979732BE8254B00043951 /* View */ = {
			isa = PBXGroup;
			children = (
				3E2979762BE8258400043951 /* NewsListView.swift */,
				3E2979782BE825BE00043951 /* CreateNewsView.swift */,
				3E29797A2BE825CC00043951 /* NewsDetailView.swift */,
			);
			path = View;
			sourceTree = "<group>";
		};
		3E2979742BE8255500043951 /* ViewModel */ = {
			isa = PBXGroup;
			children = (
				3E29797C2BE825D500043951 /* NewsViewModel.swift */,
			);
			path = ViewModel;
			sourceTree = "<group>";
		};
		3E57931D2B92113F00F2C346 /* Courses */ = {
			isa = PBXGroup;
			children = (
				3E57931E2B92120B00F2C346 /* CoursesListView.swift */,
				3E5793202B9665E600F2C346 /* ViewModel */,
			);
			path = Courses;
			sourceTree = "<group>";
		};
		3E5793202B9665E600F2C346 /* ViewModel */ = {
			isa = PBXGroup;
			children = (
				3E5793212B9665F800F2C346 /* CourseListViewModel.swift */,
			);
			path = ViewModel;
			sourceTree = "<group>";
		};
		3E69E5672B5FDF7B00E2119A /* MainView */ = {
			isa = PBXGroup;
			children = (
				3E73ED152B711569002EAE4F /* Representations */,
				3E73ED142B711553002EAE4F /* ViewModel */,
				3E73ED132B711543002EAE4F /* View */,
			);
			path = MainView;
			sourceTree = "<group>";
		};
		3E6BC3052B45CCEB00FC8626 /* Assets */ = {
			isa = PBXGroup;
			children = (
				3EF335682B5D2DFF00ACC4A6 /* Hello.json */,
				3E6BC3092B499C0B00FC8626 /* Study.json */,
				3E6BC2F92B45BA1B00FC8626 /* Create.json */,
				3E6BC2F82B45BA1B00FC8626 /* Share.json */,
			);
			path = Assets;
			sourceTree = "<group>";
		};
		3E73ED132B711543002EAE4F /* View */ = {
			isa = PBXGroup;
			children = (
				3E73ECF02B700D99002EAE4F /* MainScreenView.swift */,
			);
			path = View;
			sourceTree = "<group>";
		};
		3E73ED142B711553002EAE4F /* ViewModel */ = {
			isa = PBXGroup;
			children = (
				3E73ED202B7116A4002EAE4F /* AllCategoriesViewModel.swift */,
				3E73ED222B7116BF002EAE4F /* RecommendedCourseRowViewModel.swift */,
				3E73ED242B711722002EAE4F /* RecommendedCoursesViewModel.swift */,
			);
			path = ViewModel;
			sourceTree = "<group>";
		};
		3E73ED152B711569002EAE4F /* Representations */ = {
			isa = PBXGroup;
			children = (
				3E73ED162B71158B002EAE4F /* HeaderView.swift */,
				3E73ED182B711591002EAE4F /* SearchBarView.swift */,
				3E73ED1A2B711598002EAE4F /* ProgressCardView.swift */,
				3E73ED1C2B71159F002EAE4F /* AllCategoriesView.swift */,
				3E73ED1E2B7115A4002EAE4F /* RecommendedCoursesView.swift */,
				3E2979642BE6C57400043951 /* ToastView.swift */,
				3ED465EF2BEC1BA1009DCCA5 /* UsefulArticlesView.swift */,
			);
			path = Representations;
			sourceTree = "<group>";
		};
		3E73ED2E2B715C1F002EAE4F /* Auth */ = {
			isa = PBXGroup;
			children = (
				3E73ED2F2B715C2E002EAE4F /* WelcomeTextView.swift */,
				3E73ED312B715C4D002EAE4F /* AuthButtons.swift */,
				3E73ED332B715C62002EAE4F /* MainMenuButtonStyle.swift */,
			);
			path = Auth;
			sourceTree = "<group>";
		};
		3E73ED352B715D8C002EAE4F /* Profile */ = {
			isa = PBXGroup;
			children = (
				3E73ED362B715D99002EAE4F /* EditProfileTitleView.swift */,
				3E73ED382B715D9F002EAE4F /* EditProfileTextField.swift */,
				3E73ED3A2B715DA7002EAE4F /* EditProfileSaveButton.swift */,
				3E73ED3C2B715E64002EAE4F /* UserProfileSectionView.swift */,
				3E73ED3E2B715E70002EAE4F /* GeneralSectionView.swift */,
				3E73ED402B715E79002EAE4F /* ProfileInfoSectionView.swift */,
				3E73ED422B715E8E002EAE4F /* AccountSectionView.swift */,
			);
			path = Profile;
			sourceTree = "<group>";
		};
		3EB63CD32B407557001011D2 = {
			isa = PBXGroup;
			children = (
				3E6BC3052B45CCEB00FC8626 /* Assets */,
				3EB63CDE2B407558001011D2 /* IntelectualPath */,
				3EB63CDD2B407558001011D2 /* Products */,
				3EF3355E2B5C18B700ACC4A6 /* Frameworks */,
				7405E13E4EC13A1C2C2FB46B /* Pods */,
			);
			sourceTree = "<group>";
		};
		3EB63CDD2B407558001011D2 /* Products */ = {
			isa = PBXGroup;
			children = (
				3EB63CDC2B407558001011D2 /* IntelectualPath.app */,
			);
			name = Products;
			sourceTree = "<group>";
		};
		3EB63CDE2B407558001011D2 /* IntelectualPath */ = {
			isa = PBXGroup;
			children = (
				3EF335732B5E804200ACC4A6 /* App */,
				3EF3356E2B5E7AD600ACC4A6 /* Components */,
				3EF3357A2B5E90AA00ACC4A6 /* Core */,
				3EB63CEF2B40756D001011D2 /* Model */,
				3EF335612B5C3D4B00ACC4A6 /* Extensions */,
				3EB63CE32B40755B001011D2 /* Assets.xcassets */,
				3EDA80412B73C60D000A40F9 /* GoogleService-Info.plist */,
				3EB63CE52B40755B001011D2 /* Preview Content */,
			);
			path = IntelectualPath;
			sourceTree = "<group>";
		};
		3EB63CE52B40755B001011D2 /* Preview Content */ = {
			isa = PBXGroup;
			children = (
				3EB63CE62B40755B001011D2 /* Preview Assets.xcassets */,
			);
			path = "Preview Content";
			sourceTree = "<group>";
		};
		3EB63CED2B407564001011D2 /* VIew */ = {
			isa = PBXGroup;
			children = (
				3EB63CFF2B407695001011D2 /* AchievementsView.swift */,
			);
			path = VIew;
			sourceTree = "<group>";
		};
		3EB63CEE2B407568001011D2 /* ViewModel */ = {
			isa = PBXGroup;
			children = (
				3EB63D0F2B407709001011D2 /* AchievementsViewModel.swift */,
			);
			path = ViewModel;
			sourceTree = "<group>";
		};
		3EB63CEF2B40756D001011D2 /* Model */ = {
			isa = PBXGroup;
			children = (
				3EF3356A2B5D2F2800ACC4A6 /* ResizableLottie.swift */,
				3E6BC3002B45BB4200FC8626 /* OnBoardingItem.swift */,
				3EDC8BD02B59BD7E00B8B38C /* UserCredentials.swift */,
				3EF335762B5E8AFB00ACC4A6 /* User.swift */,
				3E73ED0E2B7114CC002EAE4F /* Course.swift */,
				3E2979602BE38CD800043951 /* Question.swift */,
				3E29797E2BE825E300043951 /* NewsItem.swift */,
				3ED465ED2BEC1B7C009DCCA5 /* Atricle.swift */,
			);
			path = Model;
			sourceTree = "<group>";
		};
		3EF3355E2B5C18B700ACC4A6 /* Frameworks */ = {
			isa = PBXGroup;
			children = (
				3EDA80A72B7E61AC000A40F9 /* FirebaseCore.framework */,
				49BEADB5B38640116897C183 /* Pods_IntelectualPath.framework */,
			);
			name = Frameworks;
			sourceTree = "<group>";
		};
		3EF335612B5C3D4B00ACC4A6 /* Extensions */ = {
			isa = PBXGroup;
			children = (
				3EF335622B5C3D5800ACC4A6 /* String.swift */,
				3E5793152B87A6EA00F2C346 /* MockAppCheckProviderFactory.swift */,
				3E57931B2B89E67400F2C346 /* DeviceInfo.swift */,
			);
			path = Extensions;
			sourceTree = "<group>";
		};
		3EF3356C2B5D4F8000ACC4A6 /* Authentication */ = {
			isa = PBXGroup;
			children = (
				3EF3356D2B5D4F9300ACC4A6 /* Profile */,
				3EF3357C2B5E925600ACC4A6 /* ViewModel */,
				3EF3357B2B5E924E00ACC4A6 /* View */,
			);
			path = Authentication;
			sourceTree = "<group>";
		};
		3EF3356D2B5D4F9300ACC4A6 /* Profile */ = {
			isa = PBXGroup;
			children = (
				3EF335712B5E7FC900ACC4A6 /* ProfileView.swift */,
				3E69E56C2B60FC1900E2119A /* EditProifleView.swift */,
			);
			path = Profile;
			sourceTree = "<group>";
		};
		3EF3356E2B5E7AD600ACC4A6 /* Components */ = {
			isa = PBXGroup;
			children = (
				3E29795B2BE38C9700043951 /* QuizComps */,
				3E73ED352B715D8C002EAE4F /* Profile */,
				3E73ED2E2B715C1F002EAE4F /* Auth */,
				3EF3356F2B5E7AED00ACC4A6 /* InputView.swift */,
				3EF335742B5E89B100ACC4A6 /* SettingsRawView.swift */,
				3E73ED262B711ACD002EAE4F /* AppDelegate.swift */,
				3E73ED2C2B715BD0002EAE4F /* CachedLogoImage.swift */,
				3E2979622BE6C1F500043951 /* CustomTabBar.swift */,
			);
			path = Components;
			sourceTree = "<group>";
		};
		3EF335732B5E804200ACC4A6 /* App */ = {
			isa = PBXGroup;
			children = (
				3EB63CDF2B407558001011D2 /* IntelectualPathApp.swift */,
			);
			path = App;
			sourceTree = "<group>";
		};
		3EF3357A2B5E90AA00ACC4A6 /* Core */ = {
			isa = PBXGroup;
			children = (
				3E2979722BE8251B00043951 /* News */,
				3E29795A2BE38B0D00043951 /* Quiz */,
				3E57931D2B92113F00F2C346 /* Courses */,
				3E69E5672B5FDF7B00E2119A /* MainView */,
				3EF335822B5EB16400ACC4A6 /* OnBoarding */,
				3EF3356C2B5D4F8000ACC4A6 /* Authentication */,
				3EF3357F2B5E99A500ACC4A6 /* Root */,
				3EB63CEE2B407568001011D2 /* ViewModel */,
				3EB63CED2B407564001011D2 /* VIew */,
			);
			path = Core;
			sourceTree = "<group>";
		};
		3EF3357B2B5E924E00ACC4A6 /* View */ = {
			isa = PBXGroup;
			children = (
				3EB63CF72B40764E001011D2 /* MainAuthView.swift */,
				3EB63CF32B40763F001011D2 /* LoginView.swift */,
				3EB63CF52B407646001011D2 /* RegistrationView.swift */,
			);
			path = View;
			sourceTree = "<group>";
		};
		3EF3357C2B5E925600ACC4A6 /* ViewModel */ = {
			isa = PBXGroup;
			children = (
				3EDC8BD62B59BDEF00B8B38C /* AuthenticationViewModel.swift */,
			);
			path = ViewModel;
			sourceTree = "<group>";
		};
		3EF3357F2B5E99A500ACC4A6 /* Root */ = {
			isa = PBXGroup;
			children = (
				3E5793132B878F6600F2C346 /* LaunchViewModel.swift */,
				3E5793192B88A58E00F2C346 /* LaunchView.swift */,
			);
			path = Root;
			sourceTree = "<group>";
		};
		3EF335822B5EB16400ACC4A6 /* OnBoarding */ = {
			isa = PBXGroup;
			children = (
				3EB63CF12B407636001011D2 /* WelcomeScreen.swift */,
				3E6BC3032B45BBC000FC8626 /* OnBoardingScreen.swift */,
			);
			path = OnBoarding;
			sourceTree = "<group>";
		};
		7405E13E4EC13A1C2C2FB46B /* Pods */ = {
			isa = PBXGroup;
			children = (
				8A01697DDF42ABE250A12B23 /* Pods-IntelectualPath.debug.xcconfig */,
				D3324600AE42989F5761B416 /* Pods-IntelectualPath.release.xcconfig */,
			);
			path = Pods;
			sourceTree = "<group>";
		};
/* End PBXGroup section */

/* Begin PBXNativeTarget section */
		3EB63CDB2B407558001011D2 /* IntelectualPath */ = {
			isa = PBXNativeTarget;
			buildConfigurationList = 3EB63CEA2B40755B001011D2 /* Build configuration list for PBXNativeTarget "IntelectualPath" */;
			buildPhases = (
				27C39634C8011986BD7AE7D7 /* [CP] Check Pods Manifest.lock */,
				3EB63CD82B407558001011D2 /* Sources */,
				3EB63CD92B407558001011D2 /* Frameworks */,
				3EB63CDA2B407558001011D2 /* Resources */,
			);
			buildRules = (
			);
			dependencies = (
			);
			name = IntelectualPath;
			packageProductDependencies = (
				3E6BC2FE2B45BB1C00FC8626 /* Lottie */,
				3EF335542B5C04A100ACC4A6 /* FirebaseAnalytics */,
				3EF335562B5C04A100ACC4A6 /* FirebaseAnalyticsOnDeviceConversion */,
				3EF335582B5C04A100ACC4A6 /* FirebaseAnalyticsSwift */,
				3EF3355A2B5C04A100ACC4A6 /* FirebaseAnalyticsWithoutAdIdSupport */,
				3EF3355C2B5C04A100ACC4A6 /* FirebaseAppCheck */,
				3EF3355F2B5C18B700ACC4A6 /* FirebaseAuth */,
				3EF335782B5E905E00ACC4A6 /* FirebaseFirestoreSwift */,
				3EF3357D2B5E973A00ACC4A6 /* FirebaseFirestore */,
			);
			productName = IntelectualPath;
			productReference = 3EB63CDC2B407558001011D2 /* IntelectualPath.app */;
			productType = "com.apple.product-type.application";
		};
/* End PBXNativeTarget section */

/* Begin PBXProject section */
		3EB63CD42B407557001011D2 /* Project object */ = {
			isa = PBXProject;
			attributes = {
				BuildIndependentTargetsInParallel = 1;
				LastSwiftUpdateCheck = 1500;
				LastUpgradeCheck = 1500;
				TargetAttributes = {
					3EB63CDB2B407558001011D2 = {
						CreatedOnToolsVersion = 15.0.1;
					};
				};
			};
			buildConfigurationList = 3EB63CD72B407557001011D2 /* Build configuration list for PBXProject "IntelectualPath" */;
			compatibilityVersion = "Xcode 14.0";
			developmentRegion = en;
			hasScannedForEncodings = 0;
			knownRegions = (
				en,
				Base,
			);
			mainGroup = 3EB63CD32B407557001011D2;
			packageReferences = (
				3E6BC2FD2B45BB1C00FC8626 /* XCRemoteSwiftPackageReference "lottie-ios" */,
				3EF335532B5C04A100ACC4A6 /* XCRemoteSwiftPackageReference "firebase-ios-sdk" */,
				3EDA80A22B7AA12E000A40F9 /* XCRemoteSwiftPackageReference "SwiftLint" */,
			);
			productRefGroup = 3EB63CDD2B407558001011D2 /* Products */;
			projectDirPath = "";
			projectRoot = "";
			targets = (
				3EB63CDB2B407558001011D2 /* IntelectualPath */,
			);
		};
/* End PBXProject section */

/* Begin PBXResourcesBuildPhase section */
		3EB63CDA2B407558001011D2 /* Resources */ = {
			isa = PBXResourcesBuildPhase;
			buildActionMask = 2147483647;
			files = (
				3EDA80422B73C60D000A40F9 /* GoogleService-Info.plist in Resources */,
				3E6BC2FB2B45BA1B00FC8626 /* Share.json in Resources */,
				3E6BC2FC2B45BA1B00FC8626 /* Create.json in Resources */,
				3EB63CE72B40755B001011D2 /* Preview Assets.xcassets in Resources */,
				3EF335692B5D2DFF00ACC4A6 /* Hello.json in Resources */,
				3EB63CE42B40755B001011D2 /* Assets.xcassets in Resources */,
				3E6BC30A2B499C0B00FC8626 /* Study.json in Resources */,
			);
			runOnlyForDeploymentPostprocessing = 0;
		};
/* End PBXResourcesBuildPhase section */

/* Begin PBXShellScriptBuildPhase section */
		27C39634C8011986BD7AE7D7 /* [CP] Check Pods Manifest.lock */ = {
			isa = PBXShellScriptBuildPhase;
			buildActionMask = 2147483647;
			files = (
			);
			inputFileListPaths = (
			);
			inputPaths = (
				"${PODS_PODFILE_DIR_PATH}/Podfile.lock",
				"${PODS_ROOT}/Manifest.lock",
			);
			name = "[CP] Check Pods Manifest.lock";
			outputFileListPaths = (
			);
			outputPaths = (
				"$(DERIVED_FILE_DIR)/Pods-IntelectualPath-checkManifestLockResult.txt",
			);
			runOnlyForDeploymentPostprocessing = 0;
			shellPath = /bin/sh;
			shellScript = "diff \"${PODS_PODFILE_DIR_PATH}/Podfile.lock\" \"${PODS_ROOT}/Manifest.lock\" > /dev/null\nif [ $? != 0 ] ; then\n    # print error to STDERR\n    echo \"error: The sandbox is not in sync with the Podfile.lock. Run 'pod install' or update your CocoaPods installation.\" >&2\n    exit 1\nfi\n# This output is used by Xcode 'outputs' to avoid re-running this script phase.\necho \"SUCCESS\" > \"${SCRIPT_OUTPUT_FILE_0}\"\n";
			showEnvVarsInLog = 0;
		};
/* End PBXShellScriptBuildPhase section */

/* Begin PBXSourcesBuildPhase section */
		3EB63CD82B407558001011D2 /* Sources */ = {
			isa = PBXSourcesBuildPhase;
			buildActionMask = 2147483647;
			files = (
				3E73ED2D2B715BD0002EAE4F /* CachedLogoImage.swift in Sources */,
				3E29797F2BE825E300043951 /* NewsItem.swift in Sources */,
				3E6BC3012B45BB4200FC8626 /* OnBoardingItem.swift in Sources */,
				3EF335632B5C3D5800ACC4A6 /* String.swift in Sources */,
				3E2979632BE6C1F500043951 /* CustomTabBar.swift in Sources */,
				3EB63CF82B40764E001011D2 /* MainAuthView.swift in Sources */,
				3E73ED392B715D9F002EAE4F /* EditProfileTextField.swift in Sources */,
				3E69E56D2B60FC1900E2119A /* EditProifleView.swift in Sources */,
				3E29795D2BE38CB000043951 /* QuiestionView.swift in Sources */,
				3E5793162B87A6EA00F2C346 /* MockAppCheckProviderFactory.swift in Sources */,
				3ED465EE2BEC1B7C009DCCA5 /* Atricle.swift in Sources */,
				3E73ED252B711722002EAE4F /* RecommendedCoursesViewModel.swift in Sources */,
				3E57931A2B88A58E00F2C346 /* LaunchView.swift in Sources */,
				3E73ED302B715C2F002EAE4F /* WelcomeTextView.swift in Sources */,
				3E73ED232B7116BF002EAE4F /* RecommendedCourseRowViewModel.swift in Sources */,
				3EF3356B2B5D2F2800ACC4A6 /* ResizableLottie.swift in Sources */,
				3E73ECF12B700D99002EAE4F /* MainScreenView.swift in Sources */,
				3E73ED372B715D99002EAE4F /* EditProfileTitleView.swift in Sources */,
				3E2979772BE8258400043951 /* NewsListView.swift in Sources */,
				3E6BC3042B45BBC000FC8626 /* OnBoardingScreen.swift in Sources */,
				3E2979612BE38CD800043951 /* Question.swift in Sources */,
				3E29797D2BE825D500043951 /* NewsViewModel.swift in Sources */,
				3EDC8BD12B59BD7E00B8B38C /* UserCredentials.swift in Sources */,
				3EB63D002B407695001011D2 /* AchievementsView.swift in Sources */,
				3E73ED1B2B711598002EAE4F /* ProgressCardView.swift in Sources */,
				3EB63D0C2B4076F0001011D2 /* QuizViewModel.swift in Sources */,
				3E73ED432B715E8E002EAE4F /* AccountSectionView.swift in Sources */,
				3E5793222B9665F800F2C346 /* CourseListViewModel.swift in Sources */,
				3EB63CE02B407558001011D2 /* IntelectualPathApp.swift in Sources */,
				3ED465F02BEC1BA1009DCCA5 /* UsefulArticlesView.swift in Sources */,
				3EDC8BD72B59BDEF00B8B38C /* AuthenticationViewModel.swift in Sources */,
				3E73ED212B7116A4002EAE4F /* AllCategoriesViewModel.swift in Sources */,
				3EB63CF42B40763F001011D2 /* LoginView.swift in Sources */,
				3EB63CF22B407636001011D2 /* WelcomeScreen.swift in Sources */,
				3EB63CFC2B407686001011D2 /* QuizView.swift in Sources */,
				3E73ED3D2B715E64002EAE4F /* UserProfileSectionView.swift in Sources */,
				3EF335752B5E89B100ACC4A6 /* SettingsRawView.swift in Sources */,
				3E2979792BE825BE00043951 /* CreateNewsView.swift in Sources */,
				3E73ED322B715C4D002EAE4F /* AuthButtons.swift in Sources */,
				3E73ED412B715E79002EAE4F /* ProfileInfoSectionView.swift in Sources */,
				3E29795F2BE38CC600043951 /* ResultView.swift in Sources */,
				3E73ED3F2B715E70002EAE4F /* GeneralSectionView.swift in Sources */,
				3E73ED342B715C62002EAE4F /* MainMenuButtonStyle.swift in Sources */,
				3E73ED3B2B715DA7002EAE4F /* EditProfileSaveButton.swift in Sources */,
				3E2979652BE6C57400043951 /* ToastView.swift in Sources */,
				3EF335722B5E7FC900ACC4A6 /* ProfileView.swift in Sources */,
				3E73ED192B711591002EAE4F /* SearchBarView.swift in Sources */,
				3EB63D102B407709001011D2 /* AchievementsViewModel.swift in Sources */,
				3E5793142B878F6600F2C346 /* LaunchViewModel.swift in Sources */,
				3E57931F2B92120B00F2C346 /* CoursesListView.swift in Sources */,
				3EF335772B5E8AFB00ACC4A6 /* User.swift in Sources */,
				3E73ED1D2B71159F002EAE4F /* AllCategoriesView.swift in Sources */,
				3EF335702B5E7AED00ACC4A6 /* InputView.swift in Sources */,
				3E73ED0F2B7114CC002EAE4F /* Course.swift in Sources */,
				3EB63CF62B407646001011D2 /* RegistrationView.swift in Sources */,
				3E73ED172B71158B002EAE4F /* HeaderView.swift in Sources */,
				3E29797B2BE825CC00043951 /* NewsDetailView.swift in Sources */,
				3E73ED272B711ACD002EAE4F /* AppDelegate.swift in Sources */,
				3E73ED1F2B7115A4002EAE4F /* RecommendedCoursesView.swift in Sources */,
				3E57931C2B89E67400F2C346 /* DeviceInfo.swift in Sources */,
			);
			runOnlyForDeploymentPostprocessing = 0;
		};
/* End PBXSourcesBuildPhase section */

/* Begin XCBuildConfiguration section */
		3EB63CE82B40755B001011D2 /* Debug */ = {
			isa = XCBuildConfiguration;
			buildSettings = {
				ALWAYS_SEARCH_USER_PATHS = NO;
				ASSETCATALOG_COMPILER_GENERATE_SWIFT_ASSET_SYMBOL_EXTENSIONS = YES;
				CLANG_ANALYZER_NONNULL = YES;
				CLANG_ANALYZER_NUMBER_OBJECT_CONVERSION = YES_AGGRESSIVE;
				CLANG_CXX_LANGUAGE_STANDARD = "gnu++20";
				CLANG_ENABLE_MODULES = YES;
				CLANG_ENABLE_OBJC_ARC = YES;
				CLANG_ENABLE_OBJC_WEAK = YES;
				CLANG_WARN_BLOCK_CAPTURE_AUTORELEASING = YES;
				CLANG_WARN_BOOL_CONVERSION = YES;
				CLANG_WARN_COMMA = YES;
				CLANG_WARN_CONSTANT_CONVERSION = YES;
				CLANG_WARN_DEPRECATED_OBJC_IMPLEMENTATIONS = YES;
				CLANG_WARN_DIRECT_OBJC_ISA_USAGE = YES_ERROR;
				CLANG_WARN_DOCUMENTATION_COMMENTS = YES;
				CLANG_WARN_EMPTY_BODY = YES;
				CLANG_WARN_ENUM_CONVERSION = YES;
				CLANG_WARN_INFINITE_RECURSION = YES;
				CLANG_WARN_INT_CONVERSION = YES;
				CLANG_WARN_NON_LITERAL_NULL_CONVERSION = YES;
				CLANG_WARN_OBJC_IMPLICIT_RETAIN_SELF = YES;
				CLANG_WARN_OBJC_LITERAL_CONVERSION = YES;
				CLANG_WARN_OBJC_ROOT_CLASS = YES_ERROR;
				CLANG_WARN_QUOTED_INCLUDE_IN_FRAMEWORK_HEADER = YES;
				CLANG_WARN_RANGE_LOOP_ANALYSIS = YES;
				CLANG_WARN_STRICT_PROTOTYPES = YES;
				CLANG_WARN_SUSPICIOUS_MOVE = YES;
				CLANG_WARN_UNGUARDED_AVAILABILITY = YES_AGGRESSIVE;
				CLANG_WARN_UNREACHABLE_CODE = YES;
				CLANG_WARN__DUPLICATE_METHOD_MATCH = YES;
				COPY_PHASE_STRIP = NO;
				DEBUG_INFORMATION_FORMAT = dwarf;
				ENABLE_STRICT_OBJC_MSGSEND = YES;
				ENABLE_TESTABILITY = YES;
				ENABLE_USER_SCRIPT_SANDBOXING = NO;
				GCC_C_LANGUAGE_STANDARD = gnu17;
				GCC_DYNAMIC_NO_PIC = NO;
				GCC_NO_COMMON_BLOCKS = YES;
				GCC_OPTIMIZATION_LEVEL = 0;
				GCC_PREPROCESSOR_DEFINITIONS = (
					"DEBUG=1",
					"$(inherited)",
				);
				GCC_WARN_64_TO_32_BIT_CONVERSION = YES;
				GCC_WARN_ABOUT_RETURN_TYPE = YES_ERROR;
				GCC_WARN_UNDECLARED_SELECTOR = YES;
				GCC_WARN_UNINITIALIZED_AUTOS = YES_AGGRESSIVE;
				GCC_WARN_UNUSED_FUNCTION = YES;
				GCC_WARN_UNUSED_VARIABLE = YES;
				IPHONEOS_DEPLOYMENT_TARGET = 17.0;
				LOCALIZATION_PREFERS_STRING_CATALOGS = YES;
				MTL_ENABLE_DEBUG_INFO = INCLUDE_SOURCE;
				MTL_FAST_MATH = YES;
				ONLY_ACTIVE_ARCH = YES;
				SDKROOT = iphoneos;
				SWIFT_ACTIVE_COMPILATION_CONDITIONS = "DEBUG $(inherited)";
				SWIFT_OPTIMIZATION_LEVEL = "-Onone";
			};
			name = Debug;
		};
		3EB63CE92B40755B001011D2 /* Release */ = {
			isa = XCBuildConfiguration;
			buildSettings = {
				ALWAYS_SEARCH_USER_PATHS = NO;
				ASSETCATALOG_COMPILER_GENERATE_SWIFT_ASSET_SYMBOL_EXTENSIONS = YES;
				CLANG_ANALYZER_NONNULL = YES;
				CLANG_ANALYZER_NUMBER_OBJECT_CONVERSION = YES_AGGRESSIVE;
				CLANG_CXX_LANGUAGE_STANDARD = "gnu++20";
				CLANG_ENABLE_MODULES = YES;
				CLANG_ENABLE_OBJC_ARC = YES;
				CLANG_ENABLE_OBJC_WEAK = YES;
				CLANG_WARN_BLOCK_CAPTURE_AUTORELEASING = YES;
				CLANG_WARN_BOOL_CONVERSION = YES;
				CLANG_WARN_COMMA = YES;
				CLANG_WARN_CONSTANT_CONVERSION = YES;
				CLANG_WARN_DEPRECATED_OBJC_IMPLEMENTATIONS = YES;
				CLANG_WARN_DIRECT_OBJC_ISA_USAGE = YES_ERROR;
				CLANG_WARN_DOCUMENTATION_COMMENTS = YES;
				CLANG_WARN_EMPTY_BODY = YES;
				CLANG_WARN_ENUM_CONVERSION = YES;
				CLANG_WARN_INFINITE_RECURSION = YES;
				CLANG_WARN_INT_CONVERSION = YES;
				CLANG_WARN_NON_LITERAL_NULL_CONVERSION = YES;
				CLANG_WARN_OBJC_IMPLICIT_RETAIN_SELF = YES;
				CLANG_WARN_OBJC_LITERAL_CONVERSION = YES;
				CLANG_WARN_OBJC_ROOT_CLASS = YES_ERROR;
				CLANG_WARN_QUOTED_INCLUDE_IN_FRAMEWORK_HEADER = YES;
				CLANG_WARN_RANGE_LOOP_ANALYSIS = YES;
				CLANG_WARN_STRICT_PROTOTYPES = YES;
				CLANG_WARN_SUSPICIOUS_MOVE = YES;
				CLANG_WARN_UNGUARDED_AVAILABILITY = YES_AGGRESSIVE;
				CLANG_WARN_UNREACHABLE_CODE = YES;
				CLANG_WARN__DUPLICATE_METHOD_MATCH = YES;
				COPY_PHASE_STRIP = NO;
				DEBUG_INFORMATION_FORMAT = "dwarf-with-dsym";
				ENABLE_NS_ASSERTIONS = NO;
				ENABLE_STRICT_OBJC_MSGSEND = YES;
				ENABLE_USER_SCRIPT_SANDBOXING = NO;
				GCC_C_LANGUAGE_STANDARD = gnu17;
				GCC_NO_COMMON_BLOCKS = YES;
				GCC_WARN_64_TO_32_BIT_CONVERSION = YES;
				GCC_WARN_ABOUT_RETURN_TYPE = YES_ERROR;
				GCC_WARN_UNDECLARED_SELECTOR = YES;
				GCC_WARN_UNINITIALIZED_AUTOS = YES_AGGRESSIVE;
				GCC_WARN_UNUSED_FUNCTION = YES;
				GCC_WARN_UNUSED_VARIABLE = YES;
				IPHONEOS_DEPLOYMENT_TARGET = 17.0;
				LOCALIZATION_PREFERS_STRING_CATALOGS = YES;
				MTL_ENABLE_DEBUG_INFO = NO;
				MTL_FAST_MATH = YES;
				SDKROOT = iphoneos;
				SWIFT_COMPILATION_MODE = wholemodule;
				VALIDATE_PRODUCT = YES;
			};
			name = Release;
		};
		3EB63CEB2B40755B001011D2 /* Debug */ = {
			isa = XCBuildConfiguration;
			baseConfigurationReference = 8A01697DDF42ABE250A12B23 /* Pods-IntelectualPath.debug.xcconfig */;
			buildSettings = {
				ASSETCATALOG_COMPILER_APPICON_NAME = AppIcon;
				ASSETCATALOG_COMPILER_GLOBAL_ACCENT_COLOR_NAME = AccentColor;
				CODE_SIGN_STYLE = Automatic;
				CURRENT_PROJECT_VERSION = 1;
				DEVELOPMENT_ASSET_PATHS = "\"IntelectualPath/Preview Content\"";
				DEVELOPMENT_TEAM = R94N88JCWX;
				ENABLE_PREVIEWS = YES;
				GENERATE_INFOPLIST_FILE = YES;
				INFOPLIST_FILE = IntelectualPath/Info.plist;
				INFOPLIST_KEY_UIApplicationSceneManifest_Generation = YES;
				INFOPLIST_KEY_UIApplicationSupportsIndirectInputEvents = YES;
				INFOPLIST_KEY_UILaunchScreen_Generation = YES;
				INFOPLIST_KEY_UISupportedInterfaceOrientations_iPad = "UIInterfaceOrientationPortrait UIInterfaceOrientationPortraitUpsideDown UIInterfaceOrientationLandscapeLeft UIInterfaceOrientationLandscapeRight";
				INFOPLIST_KEY_UISupportedInterfaceOrientations_iPhone = "UIInterfaceOrientationPortrait UIInterfaceOrientationLandscapeLeft UIInterfaceOrientationLandscapeRight";
				IPHONEOS_DEPLOYMENT_TARGET = 17.0;
				LD_RUNPATH_SEARCH_PATHS = (
					"$(inherited)",
					"@executable_path/Frameworks",
				);
				MARKETING_VERSION = 1.0;
				PRODUCT_BUNDLE_IDENTIFIER = alpewaIOS.IntelectualPath;
				PRODUCT_NAME = "$(TARGET_NAME)";
				SUPPORTED_PLATFORMS = "iphoneos iphonesimulator";
				SUPPORTS_MACCATALYST = NO;
				SUPPORTS_MAC_DESIGNED_FOR_IPHONE_IPAD = NO;
				SWIFT_EMIT_LOC_STRINGS = YES;
				SWIFT_VERSION = 5.0;
				TARGETED_DEVICE_FAMILY = 1;
			};
			name = Debug;
		};
		3EB63CEC2B40755B001011D2 /* Release */ = {
			isa = XCBuildConfiguration;
			baseConfigurationReference = D3324600AE42989F5761B416 /* Pods-IntelectualPath.release.xcconfig */;
			buildSettings = {
				ASSETCATALOG_COMPILER_APPICON_NAME = AppIcon;
				ASSETCATALOG_COMPILER_GLOBAL_ACCENT_COLOR_NAME = AccentColor;
				CODE_SIGN_STYLE = Automatic;
				CURRENT_PROJECT_VERSION = 1;
				DEVELOPMENT_ASSET_PATHS = "\"IntelectualPath/Preview Content\"";
				DEVELOPMENT_TEAM = R94N88JCWX;
				ENABLE_PREVIEWS = YES;
				GENERATE_INFOPLIST_FILE = YES;
				INFOPLIST_FILE = IntelectualPath/Info.plist;
				INFOPLIST_KEY_UIApplicationSceneManifest_Generation = YES;
				INFOPLIST_KEY_UIApplicationSupportsIndirectInputEvents = YES;
				INFOPLIST_KEY_UILaunchScreen_Generation = YES;
				INFOPLIST_KEY_UISupportedInterfaceOrientations_iPad = "UIInterfaceOrientationPortrait UIInterfaceOrientationPortraitUpsideDown UIInterfaceOrientationLandscapeLeft UIInterfaceOrientationLandscapeRight";
				INFOPLIST_KEY_UISupportedInterfaceOrientations_iPhone = "UIInterfaceOrientationPortrait UIInterfaceOrientationLandscapeLeft UIInterfaceOrientationLandscapeRight";
				IPHONEOS_DEPLOYMENT_TARGET = 17.0;
				LD_RUNPATH_SEARCH_PATHS = (
					"$(inherited)",
					"@executable_path/Frameworks",
				);
				MARKETING_VERSION = 1.0;
				PRODUCT_BUNDLE_IDENTIFIER = alpewaIOS.IntelectualPath;
				PRODUCT_NAME = "$(TARGET_NAME)";
				SUPPORTED_PLATFORMS = "iphoneos iphonesimulator";
				SUPPORTS_MACCATALYST = NO;
				SUPPORTS_MAC_DESIGNED_FOR_IPHONE_IPAD = NO;
				SWIFT_EMIT_LOC_STRINGS = YES;
				SWIFT_VERSION = 5.0;
				TARGETED_DEVICE_FAMILY = 1;
			};
			name = Release;
		};
/* End XCBuildConfiguration section */

/* Begin XCConfigurationList section */
		3EB63CD72B407557001011D2 /* Build configuration list for PBXProject "IntelectualPath" */ = {
			isa = XCConfigurationList;
			buildConfigurations = (
				3EB63CE82B40755B001011D2 /* Debug */,
				3EB63CE92B40755B001011D2 /* Release */,
			);
			defaultConfigurationIsVisible = 0;
			defaultConfigurationName = Release;
		};
		3EB63CEA2B40755B001011D2 /* Build configuration list for PBXNativeTarget "IntelectualPath" */ = {
			isa = XCConfigurationList;
			buildConfigurations = (
				3EB63CEB2B40755B001011D2 /* Debug */,
				3EB63CEC2B40755B001011D2 /* Release */,
			);
			defaultConfigurationIsVisible = 0;
			defaultConfigurationName = Release;
		};
/* End XCConfigurationList section */

/* Begin XCRemoteSwiftPackageReference section */
		3E6BC2FD2B45BB1C00FC8626 /* XCRemoteSwiftPackageReference "lottie-ios" */ = {
			isa = XCRemoteSwiftPackageReference;
			repositoryURL = "https://github.com/airbnb/lottie-ios";
			requirement = {
				branch = master;
				kind = branch;
			};
		};
		3EDA80A22B7AA12E000A40F9 /* XCRemoteSwiftPackageReference "SwiftLint" */ = {
			isa = XCRemoteSwiftPackageReference;
			repositoryURL = "https://github.com/realm/SwiftLint";
			requirement = {
				kind = upToNextMajorVersion;
				minimumVersion = 0.54.0;
			};
		};
		3EF335532B5C04A100ACC4A6 /* XCRemoteSwiftPackageReference "firebase-ios-sdk" */ = {
			isa = XCRemoteSwiftPackageReference;
			repositoryURL = "https://github.com/firebase/firebase-ios-sdk";
			requirement = {
				kind = upToNextMajorVersion;
				minimumVersion = 10.20.0;
			};
		};
/* End XCRemoteSwiftPackageReference section */

/* Begin XCSwiftPackageProductDependency section */
		3E6BC2FE2B45BB1C00FC8626 /* Lottie */ = {
			isa = XCSwiftPackageProductDependency;
			package = 3E6BC2FD2B45BB1C00FC8626 /* XCRemoteSwiftPackageReference "lottie-ios" */;
			productName = Lottie;
		};
		3EF335542B5C04A100ACC4A6 /* FirebaseAnalytics */ = {
			isa = XCSwiftPackageProductDependency;
			package = 3EF335532B5C04A100ACC4A6 /* XCRemoteSwiftPackageReference "firebase-ios-sdk" */;
			productName = FirebaseAnalytics;
		};
		3EF335562B5C04A100ACC4A6 /* FirebaseAnalyticsOnDeviceConversion */ = {
			isa = XCSwiftPackageProductDependency;
			package = 3EF335532B5C04A100ACC4A6 /* XCRemoteSwiftPackageReference "firebase-ios-sdk" */;
			productName = FirebaseAnalyticsOnDeviceConversion;
		};
		3EF335582B5C04A100ACC4A6 /* FirebaseAnalyticsSwift */ = {
			isa = XCSwiftPackageProductDependency;
			package = 3EF335532B5C04A100ACC4A6 /* XCRemoteSwiftPackageReference "firebase-ios-sdk" */;
			productName = FirebaseAnalyticsSwift;
		};
		3EF3355A2B5C04A100ACC4A6 /* FirebaseAnalyticsWithoutAdIdSupport */ = {
			isa = XCSwiftPackageProductDependency;
			package = 3EF335532B5C04A100ACC4A6 /* XCRemoteSwiftPackageReference "firebase-ios-sdk" */;
			productName = FirebaseAnalyticsWithoutAdIdSupport;
		};
		3EF3355C2B5C04A100ACC4A6 /* FirebaseAppCheck */ = {
			isa = XCSwiftPackageProductDependency;
			package = 3EF335532B5C04A100ACC4A6 /* XCRemoteSwiftPackageReference "firebase-ios-sdk" */;
			productName = FirebaseAppCheck;
		};
		3EF3355F2B5C18B700ACC4A6 /* FirebaseAuth */ = {
			isa = XCSwiftPackageProductDependency;
			package = 3EF335532B5C04A100ACC4A6 /* XCRemoteSwiftPackageReference "firebase-ios-sdk" */;
			productName = FirebaseAuth;
		};
		3EF335782B5E905E00ACC4A6 /* FirebaseFirestoreSwift */ = {
			isa = XCSwiftPackageProductDependency;
			package = 3EF335532B5C04A100ACC4A6 /* XCRemoteSwiftPackageReference "firebase-ios-sdk" */;
			productName = FirebaseFirestoreSwift;
		};
		3EF3357D2B5E973A00ACC4A6 /* FirebaseFirestore */ = {
			isa = XCSwiftPackageProductDependency;
			package = 3EF335532B5C04A100ACC4A6 /* XCRemoteSwiftPackageReference "firebase-ios-sdk" */;
			productName = FirebaseFirestore;
		};
/* End XCSwiftPackageProductDependency section */
	};
	rootObject = 3EB63CD42B407557001011D2 /* Project object */;
}
